PODS:
  - Alamofire (4.8.2)
  - MovieDataBase (0.0.1)
  - MovieWebService (0.0.1):
    - Alamofire (~> 4.8.2)

DEPENDENCIES:
  - MovieDataBase (from `../../database/MovieDataBase`)
  - MovieWebService (from `../../network/MovieWebService`)

SPEC REPOS:
  https://github.com/cocoapods/specs.git:
    - Alamofire

EXTERNAL SOURCES:
  MovieDataBase:
    :path: "../../database/MovieDataBase"
  MovieWebService:
    :path: "../../network/MovieWebService"

SPEC CHECKSUMS:
  Alamofire: ae5c501addb7afdbb13687d7f2f722c78734c2d3
  MovieDataBase: ed26260058a8f24874d273ed5264f0ab7fec2fb9
  MovieWebService: 5bb0e75d50b4e84d8db6d2ddf713b3c8c3687b46

PODFILE CHECKSUM: 0553bd673e72e1e00cddd6aa6ce1aa2714afd225

COCOAPODS: 1.7.3
