PODS:
  - Alamofire (4.8.2)
  - MovieDataBase (0.0.1)
  - MovieDBRepository (0.0.1):
    - MovieDataBase
    - MovieWebService
  - MovieWebService (0.0.1):
    - Alamofire (~> 4.8.2)

DEPENDENCIES:
  - MovieDataBase (from `dependencies/database/MovieDataBase`)
  - MovieDBRepository (from `dependencies/repository/MovieDBRepository`)
  - MovieWebService (from `dependencies/network/MovieWebService`)

SPEC REPOS:
  https://github.com/cocoapods/specs.git:
    - Alamofire

EXTERNAL SOURCES:
  MovieDataBase:
    :path: dependencies/database/MovieDataBase
  MovieDBRepository:
    :path: dependencies/repository/MovieDBRepository
  MovieWebService:
    :path: dependencies/network/MovieWebService

SPEC CHECKSUMS:
  Alamofire: ae5c501addb7afdbb13687d7f2f722c78734c2d3
  MovieDataBase: 5d409fd9a6ffe37a557ff2b2faa314d6ab9085df
  MovieDBRepository: 040a1ec6bc7409aba47744918a4b8c8905108634
  MovieWebService: 9bfc797240bf8d78c07c38a1e40fc9d1804e6d70

PODFILE CHECKSUM: 8f1f1aa89ad5bfb4501c6c6d0027f41feed0ff07

COCOAPODS: 1.7.3
